Microsoft Visual Studio Solution File, Format Version 12.00
# Visual Studio Version 16
VisualStudioVersion = 16.0.33027.164
MinimumVisualStudioVersion = 10.0.40219.1
Project("{8BC9CEB8-8B4A-11D0-8D11-00A0C91BC942}") = "mvisor_wddm", "mvisor_wddm.vcxproj", "{8EBCD18D-D6AD-4F94-B43F-9D40DD22CEAC}"
EndProject
Global
	GlobalSection(SolutionConfigurationPlatforms) = preSolution
		Debug|ARM64 = Debug|ARM64
		Debug|x64 = Debug|x64
		Release|ARM64 = Release|ARM64
		Release|x64 = Release|x64
	EndGlobalSection
	GlobalSection(ProjectConfigurationPlatforms) = postSolution
		{8EBCD18D-D6AD-4F94-B43F-9D40DD22CEAC}.Debug|ARM64.ActiveCfg = Debug|ARM64
		{8EBCD18D-D6AD-4F94-B43F-9D40DD22CEAC}.Debug|ARM64.Build.0 = Debug|ARM64
		{8EBCD18D-D6AD-4F94-B43F-9D40DD22CEAC}.Debug|x64.ActiveCfg = Debug|x64
		{8EBCD18D-D6AD-4F94-B43F-9D40DD22CEAC}.Debug|x64.Build.0 = Debug|x64
		{8EBCD18D-D6AD-4F94-B43F-9D40DD22CEAC}.Release|ARM64.ActiveCfg = Release|ARM64
		{8EBCD18D-D6AD-4F94-B43F-9D40DD22CEAC}.Release|ARM64.Build.0 = Release|ARM64
		{8EBCD18D-D6AD-4F94-B43F-9D40DD22CEAC}.Release|x64.ActiveCfg = Release|x64
		{8EBCD18D-D6AD-4F94-B43F-9D40DD22CEAC}.Release|x64.Build.0 = Release|x64
	EndGlobalSection
	GlobalSection(SolutionProperties) = preSolution
		HideSolutionNode = FALSE
	EndGlobalSection
	GlobalSection(ExtensibilityGlobals) = postSolution
		SolutionGuid = {C35CD099-E0FF-494E-B4D7-D6F509EE4177}
	EndGlobalSection
EndGlobal
